
Microsoft Visual Studio Solution File, Format Version 12.00
# Visual Studio Version 17
VisualStudioVersion = 17.8.34408.163
MinimumVisualStudioVersion = 10.0.40219.1
Project("{FAE04EC0-301F-11D3-BF4B-00C04F79EFBC}") = "Core", "Core\Core.csproj", "{31BB5176-D60C-4906-A9F5-EE77D17756A4}"
EndProject
Project("{FAE04EC0-301F-11D3-BF4B-00C04F79EFBC}") = "Producer", "Producer\Producer.csproj", "{21DC3E50-D7A9-4595-9621-346FF7EFDA97}"
EndProject
Project("{FAE04EC0-301F-11D3-BF4B-00C04F79EFBC}") = "Consumer", "Consumer\Consumer.csproj", "{EFDB2BCE-FDB3-4822-9E71-D6D34357D6A1}"
EndProject
Project("{FAE04EC0-301F-11D3-BF4B-00C04F79EFBC}") = "MailSender", "MailSender\MailSender.csproj", "{A52E2385-359F-4CFC-A998-C5E8D95DF6E1}"
EndProject
Global
	GlobalSection(SolutionConfigurationPlatforms) = preSolution
		Debug|Any CPU = Debug|Any CPU
		Release|Any CPU = Release|Any CPU
	EndGlobalSection
	GlobalSection(ProjectConfigurationPlatforms) = postSolution
		{31BB5176-D60C-4906-A9F5-EE77D17756A4}.Debug|Any CPU.ActiveCfg = Debug|Any CPU
		{31BB5176-D60C-4906-A9F5-EE77D17756A4}.Debug|Any CPU.Build.0 = Debug|Any CPU
		{31BB5176-D60C-4906-A9F5-EE77D17756A4}.Release|Any CPU.ActiveCfg = Release|Any CPU
		{31BB5176-D60C-4906-A9F5-EE77D17756A4}.Release|Any CPU.Build.0 = Release|Any CPU
		{21DC3E50-D7A9-4595-9621-346FF7EFDA97}.Debug|Any CPU.ActiveCfg = Debug|Any CPU
		{21DC3E50-D7A9-4595-9621-346FF7EFDA97}.Debug|Any CPU.Build.0 = Debug|Any CPU
		{21DC3E50-D7A9-4595-9621-346FF7EFDA97}.Release|Any CPU.ActiveCfg = Release|Any CPU
		{21DC3E50-D7A9-4595-9621-346FF7EFDA97}.Release|Any CPU.Build.0 = Release|Any CPU
		{EFDB2BCE-FDB3-4822-9E71-D6D34357D6A1}.Debug|Any CPU.ActiveCfg = Debug|Any CPU
		{EFDB2BCE-FDB3-4822-9E71-D6D34357D6A1}.Debug|Any CPU.Build.0 = Debug|Any CPU
		{EFDB2BCE-FDB3-4822-9E71-D6D34357D6A1}.Release|Any CPU.ActiveCfg = Release|Any CPU
		{EFDB2BCE-FDB3-4822-9E71-D6D34357D6A1}.Release|Any CPU.Build.0 = Release|Any CPU
		{A52E2385-359F-4CFC-A998-C5E8D95DF6E1}.Debug|Any CPU.ActiveCfg = Debug|Any CPU
		{A52E2385-359F-4CFC-A998-C5E8D95DF6E1}.Debug|Any CPU.Build.0 = Debug|Any CPU
		{A52E2385-359F-4CFC-A998-C5E8D95DF6E1}.Release|Any CPU.ActiveCfg = Release|Any CPU
		{A52E2385-359F-4CFC-A998-C5E8D95DF6E1}.Release|Any CPU.Build.0 = Release|Any CPU
	EndGlobalSection
	GlobalSection(SolutionProperties) = preSolution
		HideSolutionNode = FALSE
	EndGlobalSection
	GlobalSection(ExtensibilityGlobals) = postSolution
		SolutionGuid = {AB202234-D365-4278-B814-42E981256345}
	EndGlobalSection
EndGlobal
